
Microsoft Visual Studio Solution File, Format Version 12.00
# Visual Studio Version 17
VisualStudioVersion = 17.11.35222.181
MinimumVisualStudioVersion = 10.0.40219.1
Project("{FAE04EC0-301F-11D3-BF4B-00C04F79EFBC}") = "Phumla-Kamnandi", "Phumla-Kamnandi.csproj", "{6C607B3E-B9AE-4DEE-B118-21CE72F3F5A2}"
EndProject
Global
	GlobalSection(SolutionConfigurationPlatforms) = preSolution
		Debug|Any CPU = Debug|Any CPU
		Release|Any CPU = Release|Any CPU
	EndGlobalSection
	GlobalSection(ProjectConfigurationPlatforms) = postSolution
		{6C607B3E-B9AE-4DEE-B118-21CE72F3F5A2}.Debug|Any CPU.ActiveCfg = Debug|Any CPU
		{6C607B3E-B9AE-4DEE-B118-21CE72F3F5A2}.Debug|Any CPU.Build.0 = Debug|Any CPU
		{6C607B3E-B9AE-4DEE-B118-21CE72F3F5A2}.Release|Any CPU.ActiveCfg = Release|Any CPU
		{6C607B3E-B9AE-4DEE-B118-21CE72F3F5A2}.Release|Any CPU.Build.0 = Release|Any CPU
	EndGlobalSection
	GlobalSection(SolutionProperties) = preSolution
		HideSolutionNode = FALSE
	EndGlobalSection
	GlobalSection(ExtensibilityGlobals) = postSolution
		SolutionGuid = {55985E62-A892-496B-89FE-D5C703E29598}
	EndGlobalSection
EndGlobal
